// !$*UTF8*$!
{
	archiveVersion = 1;
	classes = {
	};
	objectVersion = 46;
	objects = {

/* Begin PBXBuildFile section */
		94F2421D1AE37B020055C229 /* Foundation.framework in Frameworks */ = {isa = PBXBuildFile; fileRef = 94F2421C1AE37B020055C229 /* Foundation.framework */; };
		94F2421F1AE37B020055C229 /* CoreGraphics.framework in Frameworks */ = {isa = PBXBuildFile; fileRef = 94F2421E1AE37B020055C229 /* CoreGraphics.framework */; };
		94F242211AE37B020055C229 /* UIKit.framework in Frameworks */ = {isa = PBXBuildFile; fileRef = 94F242201AE37B020055C229 /* UIKit.framework */; };
		94F242271AE37B020055C229 /* InfoPlist.strings in Resources */ = {isa = PBXBuildFile; fileRef = 94F242251AE37B020055C229 /* InfoPlist.strings */; };
		94F242291AE37B020055C229 /* main.m in Sources */ = {isa = PBXBuildFile; fileRef = 94F242281AE37B020055C229 /* main.m */; };
		94F2422D1AE37B020055C229 /* AppDelegate.m in Sources */ = {isa = PBXBuildFile; fileRef = 94F2422C1AE37B020055C229 /* AppDelegate.m */; };
		94F242301AE37B020055C229 /* Main.storyboard in Resources */ = {isa = PBXBuildFile; fileRef = 94F2422E1AE37B020055C229 /* Main.storyboard */; };
		94F242331AE37B020055C229 /* ViewController.m in Sources */ = {isa = PBXBuildFile; fileRef = 94F242321AE37B020055C229 /* ViewController.m */; };
		94F242351AE37B030055C229 /* Images.xcassets in Resources */ = {isa = PBXBuildFile; fileRef = 94F242341AE37B030055C229 /* Images.xcassets */; };
		94F2423C1AE37B030055C229 /* XCTest.framework in Frameworks */ = {isa = PBXBuildFile; fileRef = 94F2423B1AE37B030055C229 /* XCTest.framework */; };
		94F2423D1AE37B030055C229 /* Foundation.framework in Frameworks */ = {isa = PBXBuildFile; fileRef = 94F2421C1AE37B020055C229 /* Foundation.framework */; };
		94F2423E1AE37B030055C229 /* UIKit.framework in Frameworks */ = {isa = PBXBuildFile; fileRef = 94F242201AE37B020055C229 /* UIKit.framework */; };
		94F242461AE37B030055C229 /* InfoPlist.strings in Resources */ = {isa = PBXBuildFile; fileRef = 94F242441AE37B030055C229 /* InfoPlist.strings */; };
		94F242481AE37B030055C229 /* Tablview__DemoTests.m in Sources */ = {isa = PBXBuildFile; fileRef = 94F242471AE37B030055C229 /* Tablview__DemoTests.m */; };
		94F242581AE37C8A0055C229 /* TableVC.m in Sources */ = {isa = PBXBuildFile; fileRef = 94F242541AE37C8A0055C229 /* TableVC.m */; };
		94F242591AE37C8A0055C229 /* ScrollViewController.m in Sources */ = {isa = PBXBuildFile; fileRef = 94F242561AE37C8A0055C229 /* ScrollViewController.m */; };
		94F2425A1AE37C8A0055C229 /* UIView+Frame.m in Sources */ = {isa = PBXBuildFile; fileRef = 94F242571AE37C8A0055C229 /* UIView+Frame.m */; };
		94F2425D1AE37CBD0055C229 /* DemoVC.m in Sources */ = {isa = PBXBuildFile; fileRef = 94F2425C1AE37CBD0055C229 /* DemoVC.m */; };
		94F242601AE384330055C229 /* HorizentolScrollMenu.m in Sources */ = {isa = PBXBuildFile; fileRef = 94F2425F1AE384330055C229 /* HorizentolScrollMenu.m */; };
/* End PBXBuildFile section */

/* Begin PBXContainerItemProxy section */
		94F2423F1AE37B030055C229 /* PBXContainerItemProxy */ = {
			isa = PBXContainerItemProxy;
			containerPortal = 94F242111AE37B020055C229 /* Project object */;
			proxyType = 1;
			remoteGlobalIDString = 94F242181AE37B020055C229;
			remoteInfo = "Tablview重用Demo";
		};
/* End PBXContainerItemProxy section */

/* Begin PBXFileReference section */
		94F242191AE37B020055C229 /* Tablview重用Demo.app */ = {isa = PBXFileReference; explicitFileType = wrapper.application; includeInIndex = 0; path = "Tablview重用Demo.app"; sourceTree = BUILT_PRODUCTS_DIR; };
		94F2421C1AE37B020055C229 /* Foundation.framework */ = {isa = PBXFileReference; lastKnownFileType = wrapper.framework; name = Foundation.framework; path = System/Library/Frameworks/Foundation.framework; sourceTree = SDKROOT; };
		94F2421E1AE37B020055C229 /* CoreGraphics.framework */ = {isa = PBXFileReference; lastKnownFileType = wrapper.framework; name = CoreGraphics.framework; path = System/Library/Frameworks/CoreGraphics.framework; sourceTree = SDKROOT; };
		94F242201AE37B020055C229 /* UIKit.framework */ = {isa = PBXFileReference; lastKnownFileType = wrapper.framework; name = UIKit.framework; path = System/Library/Frameworks/UIKit.framework; sourceTree = SDKROOT; };
		94F242241AE37B020055C229 /* Tablview重用Demo-Info.plist */ = {isa = PBXFileReference; lastKnownFileType = text.plist.xml; path = "Tablview重用Demo-Info.plist"; sourceTree = "<group>"; };
		94F242261AE37B020055C229 /* en */ = {isa = PBXFileReference; lastKnownFileType = text.plist.strings; name = en; path = en.lproj/InfoPlist.strings; sourceTree = "<group>"; };
		94F242281AE37B020055C229 /* main.m */ = {isa = PBXFileReference; lastKnownFileType = sourcecode.c.objc; path = main.m; sourceTree = "<group>"; };
		94F2422A1AE37B020055C229 /* Tablview重用Demo-Prefix.pch */ = {isa = PBXFileReference; lastKnownFileType = sourcecode.c.h; path = "Tablview重用Demo-Prefix.pch"; sourceTree = "<group>"; };
		94F2422B1AE37B020055C229 /* AppDelegate.h */ = {isa = PBXFileReference; lastKnownFileType = sourcecode.c.h; path = AppDelegate.h; sourceTree = "<group>"; };
		94F2422C1AE37B020055C229 /* AppDelegate.m */ = {isa = PBXFileReference; lastKnownFileType = sourcecode.c.objc; path = AppDelegate.m; sourceTree = "<group>"; };
		94F2422F1AE37B020055C229 /* Base */ = {isa = PBXFileReference; lastKnownFileType = file.storyboard; name = Base; path = Base.lproj/Main.storyboard; sourceTree = "<group>"; };
		94F242311AE37B020055C229 /* ViewController.h */ = {isa = PBXFileReference; lastKnownFileType = sourcecode.c.h; path = ViewController.h; sourceTree = "<group>"; };
		94F242321AE37B020055C229 /* ViewController.m */ = {isa = PBXFileReference; lastKnownFileType = sourcecode.c.objc; path = ViewController.m; sourceTree = "<group>"; };
		94F242341AE37B030055C229 /* Images.xcassets */ = {isa = PBXFileReference; lastKnownFileType = folder.assetcatalog; path = Images.xcassets; sourceTree = "<group>"; };
		94F2423A1AE37B030055C229 /* Tablview重用DemoTests.xctest */ = {isa = PBXFileReference; explicitFileType = wrapper.cfbundle; includeInIndex = 0; path = "Tablview重用DemoTests.xctest"; sourceTree = BUILT_PRODUCTS_DIR; };
		94F2423B1AE37B030055C229 /* XCTest.framework */ = {isa = PBXFileReference; lastKnownFileType = wrapper.framework; name = XCTest.framework; path = Library/Frameworks/XCTest.framework; sourceTree = DEVELOPER_DIR; };
		94F242431AE37B030055C229 /* Tablview重用DemoTests-Info.plist */ = {isa = PBXFileReference; lastKnownFileType = text.plist.xml; path = "Tablview重用DemoTests-Info.plist"; sourceTree = "<group>"; };
		94F242451AE37B030055C229 /* en */ = {isa = PBXFileReference; lastKnownFileType = text.plist.strings; name = en; path = en.lproj/InfoPlist.strings; sourceTree = "<group>"; };
		94F242471AE37B030055C229 /* Tablview__DemoTests.m */ = {isa = PBXFileReference; lastKnownFileType = sourcecode.c.objc; path = Tablview__DemoTests.m; sourceTree = "<group>"; };
		94F242521AE37C8A0055C229 /* ScrollViewController.h */ = {isa = PBXFileReference; fileEncoding = 4; lastKnownFileType = sourcecode.c.h; path = ScrollViewController.h; sourceTree = "<group>"; };
		94F242531AE37C8A0055C229 /* UIView+Frame.h */ = {isa = PBXFileReference; fileEncoding = 4; lastKnownFileType = sourcecode.c.h; path = "UIView+Frame.h"; sourceTree = "<group>"; };
		94F242541AE37C8A0055C229 /* TableVC.m */ = {isa = PBXFileReference; fileEncoding = 4; lastKnownFileType = sourcecode.c.objc; path = TableVC.m; sourceTree = "<group>"; };
		94F242551AE37C8A0055C229 /* TableVC.h */ = {isa = PBXFileReference; fileEncoding = 4; lastKnownFileType = sourcecode.c.h; path = TableVC.h; sourceTree = "<group>"; };
		94F242561AE37C8A0055C229 /* ScrollViewController.m */ = {isa = PBXFileReference; fileEncoding = 4; lastKnownFileType = sourcecode.c.objc; path = ScrollViewController.m; sourceTree = "<group>"; };
		94F242571AE37C8A0055C229 /* UIView+Frame.m */ = {isa = PBXFileReference; fileEncoding = 4; lastKnownFileType = sourcecode.c.objc; path = "UIView+Frame.m"; sourceTree = "<group>"; };
		94F2425B1AE37CA40055C229 /* DemoVC.h */ = {isa = PBXFileReference; fileEncoding = 4; lastKnownFileType = sourcecode.c.h; path = DemoVC.h; sourceTree = "<group>"; };
		94F2425C1AE37CBD0055C229 /* DemoVC.m */ = {isa = PBXFileReference; fileEncoding = 4; lastKnownFileType = sourcecode.c.objc; path = DemoVC.m; sourceTree = "<group>"; };
		94F2425E1AE384330055C229 /* HorizentolScrollMenu.h */ = {isa = PBXFileReference; fileEncoding = 4; lastKnownFileType = sourcecode.c.h; path = HorizentolScrollMenu.h; sourceTree = "<group>"; };
		94F2425F1AE384330055C229 /* HorizentolScrollMenu.m */ = {isa = PBXFileReference; fileEncoding = 4; lastKnownFileType = sourcecode.c.objc; path = HorizentolScrollMenu.m; sourceTree = "<group>"; };
/* End PBXFileReference section */

/* Begin PBXFrameworksBuildPhase section */
		94F242161AE37B020055C229 /* Frameworks */ = {
			isa = PBXFrameworksBuildPhase;
			buildActionMask = 2147483647;
			files = (
				94F2421F1AE37B020055C229 /* CoreGraphics.framework in Frameworks */,
				94F242211AE37B020055C229 /* UIKit.framework in Frameworks */,
				94F2421D1AE37B020055C229 /* Foundation.framework in Frameworks */,
			);
			runOnlyForDeploymentPostprocessing = 0;
		};
		94F242371AE37B030055C229 /* Frameworks */ = {
			isa = PBXFrameworksBuildPhase;
			buildActionMask = 2147483647;
			files = (
				94F2423C1AE37B030055C229 /* XCTest.framework in Frameworks */,
				94F2423E1AE37B030055C229 /* UIKit.framework in Frameworks */,
				94F2423D1AE37B030055C229 /* Foundation.framework in Frameworks */,
			);
			runOnlyForDeploymentPostprocessing = 0;
		};
/* End PBXFrameworksBuildPhase section */

/* Begin PBXGroup section */
		94F242101AE37B020055C229 = {
			isa = PBXGroup;
			children = (
				94F242221AE37B020055C229 /* Tablview重用Demo */,
				94F242411AE37B030055C229 /* Tablview重用DemoTests */,
				94F2421B1AE37B020055C229 /* Frameworks */,
				94F2421A1AE37B020055C229 /* Products */,
			);
			sourceTree = "<group>";
		};
		94F2421A1AE37B020055C229 /* Products */ = {
			isa = PBXGroup;
			children = (
				94F242191AE37B020055C229 /* Tablview重用Demo.app */,
				94F2423A1AE37B030055C229 /* Tablview重用DemoTests.xctest */,
			);
			name = Products;
			sourceTree = "<group>";
		};
		94F2421B1AE37B020055C229 /* Frameworks */ = {
			isa = PBXGroup;
			children = (
				94F2421C1AE37B020055C229 /* Foundation.framework */,
				94F2421E1AE37B020055C229 /* CoreGraphics.framework */,
				94F242201AE37B020055C229 /* UIKit.framework */,
				94F2423B1AE37B030055C229 /* XCTest.framework */,
			);
			name = Frameworks;
			sourceTree = "<group>";
		};
		94F242221AE37B020055C229 /* Tablview重用Demo */ = {
			isa = PBXGroup;
			children = (
				94F242511AE37C2D0055C229 /* Classes */,
				94F2422B1AE37B020055C229 /* AppDelegate.h */,
				94F2422C1AE37B020055C229 /* AppDelegate.m */,
				94F2422E1AE37B020055C229 /* Main.storyboard */,
				94F242311AE37B020055C229 /* ViewController.h */,
				94F242321AE37B020055C229 /* ViewController.m */,
				94F242341AE37B030055C229 /* Images.xcassets */,
				94F242231AE37B020055C229 /* Supporting Files */,
			);
			path = "Tablview重用Demo";
			sourceTree = "<group>";
		};
		94F242231AE37B020055C229 /* Supporting Files */ = {
			isa = PBXGroup;
			children = (
				94F242241AE37B020055C229 /* Tablview重用Demo-Info.plist */,
				94F242251AE37B020055C229 /* InfoPlist.strings */,
				94F242281AE37B020055C229 /* main.m */,
				94F2422A1AE37B020055C229 /* Tablview重用Demo-Prefix.pch */,
			);
			name = "Supporting Files";
			sourceTree = "<group>";
		};
		94F242411AE37B030055C229 /* Tablview重用DemoTests */ = {
			isa = PBXGroup;
			children = (
				94F242471AE37B030055C229 /* Tablview__DemoTests.m */,
				94F242421AE37B030055C229 /* Supporting Files */,
			);
			path = "Tablview重用DemoTests";
			sourceTree = "<group>";
		};
		94F242421AE37B030055C229 /* Supporting Files */ = {
			isa = PBXGroup;
			children = (
				94F242431AE37B030055C229 /* Tablview重用DemoTests-Info.plist */,
				94F242441AE37B030055C229 /* InfoPlist.strings */,
			);
			name = "Supporting Files";
			sourceTree = "<group>";
		};
		94F242511AE37C2D0055C229 /* Classes */ = {
			isa = PBXGroup;
			children = (
				94F2425E1AE384330055C229 /* HorizentolScrollMenu.h */,
				94F2425F1AE384330055C229 /* HorizentolScrollMenu.m */,
				94F2425B1AE37CA40055C229 /* DemoVC.h */,
				94F2425C1AE37CBD0055C229 /* DemoVC.m */,
				94F242551AE37C8A0055C229 /* TableVC.h */,
				94F242541AE37C8A0055C229 /* TableVC.m */,
				94F242521AE37C8A0055C229 /* ScrollViewController.h */,
				94F242561AE37C8A0055C229 /* ScrollViewController.m */,
				94F242531AE37C8A0055C229 /* UIView+Frame.h */,
				94F242571AE37C8A0055C229 /* UIView+Frame.m */,
			);
			path = Classes;
			sourceTree = "<group>";
		};
/* End PBXGroup section */

/* Begin PBXNativeTarget section */
		94F242181AE37B020055C229 /* Tablview重用Demo */ = {
			isa = PBXNativeTarget;
			buildConfigurationList = 94F2424B1AE37B030055C229 /* Build configuration list for PBXNativeTarget "Tablview重用Demo" */;
			buildPhases = (
				94F242151AE37B020055C229 /* Sources */,
				94F242161AE37B020055C229 /* Frameworks */,
				94F242171AE37B020055C229 /* Resources */,
			);
			buildRules = (
			);
			dependencies = (
			);
			name = "Tablview重用Demo";
			productName = "Tablview重用Demo";
			productReference = 94F242191AE37B020055C229 /* Tablview重用Demo.app */;
			productType = "com.apple.product-type.application";
		};
		94F242391AE37B030055C229 /* Tablview重用DemoTests */ = {
			isa = PBXNativeTarget;
			buildConfigurationList = 94F2424E1AE37B030055C229 /* Build configuration list for PBXNativeTarget "Tablview重用DemoTests" */;
			buildPhases = (
				94F242361AE37B030055C229 /* Sources */,
				94F242371AE37B030055C229 /* Frameworks */,
				94F242381AE37B030055C229 /* Resources */,
			);
			buildRules = (
			);
			dependencies = (
				94F242401AE37B030055C229 /* PBXTargetDependency */,
			);
			name = "Tablview重用DemoTests";
			productName = "Tablview重用DemoTests";
			productReference = 94F2423A1AE37B030055C229 /* Tablview重用DemoTests.xctest */;
			productType = "com.apple.product-type.bundle.unit-test";
		};
/* End PBXNativeTarget section */

/* Begin PBXProject section */
		94F242111AE37B020055C229 /* Project object */ = {
			isa = PBXProject;
			attributes = {
				LastUpgradeCheck = 0510;
				ORGANIZATIONNAME = youyou;
				TargetAttributes = {
					94F242391AE37B030055C229 = {
						TestTargetID = 94F242181AE37B020055C229;
					};
				};
			};
			buildConfigurationList = 94F242141AE37B020055C229 /* Build configuration list for PBXProject "Tablview重用Demo" */;
			compatibilityVersion = "Xcode 3.2";
			developmentRegion = English;
			hasScannedForEncodings = 0;
			knownRegions = (
				en,
				Base,
			);
			mainGroup = 94F242101AE37B020055C229;
			productRefGroup = 94F2421A1AE37B020055C229 /* Products */;
			projectDirPath = "";
			projectRoot = "";
			targets = (
				94F242181AE37B020055C229 /* Tablview重用Demo */,
				94F242391AE37B030055C229 /* Tablview重用DemoTests */,
			);
		};
/* End PBXProject section */

/* Begin PBXResourcesBuildPhase section */
		94F242171AE37B020055C229 /* Resources */ = {
			isa = PBXResourcesBuildPhase;
			buildActionMask = 2147483647;
			files = (
				94F242351AE37B030055C229 /* Images.xcassets in Resources */,
				94F242271AE37B020055C229 /* InfoPlist.strings in Resources */,
				94F242301AE37B020055C229 /* Main.storyboard in Resources */,
			);
			runOnlyForDeploymentPostprocessing = 0;
		};
		94F242381AE37B030055C229 /* Resources */ = {
			isa = PBXResourcesBuildPhase;
			buildActionMask = 2147483647;
			files = (
				94F242461AE37B030055C229 /* InfoPlist.strings in Resources */,
			);
			runOnlyForDeploymentPostprocessing = 0;
		};
/* End PBXResourcesBuildPhase section */

/* Begin PBXSourcesBuildPhase section */
		94F242151AE37B020055C229 /* Sources */ = {
			isa = PBXSourcesBuildPhase;
			buildActionMask = 2147483647;
			files = (
				94F2425A1AE37C8A0055C229 /* UIView+Frame.m in Sources */,
				94F242591AE37C8A0055C229 /* ScrollViewController.m in Sources */,
				94F242331AE37B020055C229 /* ViewController.m in Sources */,
				94F242601AE384330055C229 /* HorizentolScrollMenu.m in Sources */,
				94F242581AE37C8A0055C229 /* TableVC.m in Sources */,
				94F2425D1AE37CBD0055C229 /* DemoVC.m in Sources */,
				94F2422D1AE37B020055C229 /* AppDelegate.m in Sources */,
				94F242291AE37B020055C229 /* main.m in Sources */,
			);
			runOnlyForDeploymentPostprocessing = 0;
		};
		94F242361AE37B030055C229 /* Sources */ = {
			isa = PBXSourcesBuildPhase;
			buildActionMask = 2147483647;
			files = (
				94F242481AE37B030055C229 /* Tablview__DemoTests.m in Sources */,
			);
			runOnlyForDeploymentPostprocessing = 0;
		};
/* End PBXSourcesBuildPhase section */

/* Begin PBXTargetDependency section */
		94F242401AE37B030055C229 /* PBXTargetDependency */ = {
			isa = PBXTargetDependency;
			target = 94F242181AE37B020055C229 /* Tablview重用Demo */;
			targetProxy = 94F2423F1AE37B030055C229 /* PBXContainerItemProxy */;
		};
/* End PBXTargetDependency section */

/* Begin PBXVariantGroup section */
		94F242251AE37B020055C229 /* InfoPlist.strings */ = {
			isa = PBXVariantGroup;
			children = (
				94F242261AE37B020055C229 /* en */,
			);
			name = InfoPlist.strings;
			sourceTree = "<group>";
		};
		94F2422E1AE37B020055C229 /* Main.storyboard */ = {
			isa = PBXVariantGroup;
			children = (
				94F2422F1AE37B020055C229 /* Base */,
			);
			name = Main.storyboard;
			sourceTree = "<group>";
		};
		94F242441AE37B030055C229 /* InfoPlist.strings */ = {
			isa = PBXVariantGroup;
			children = (
				94F242451AE37B030055C229 /* en */,
			);
			name = InfoPlist.strings;
			sourceTree = "<group>";
		};
/* End PBXVariantGroup section */

/* Begin XCBuildConfiguration section */
		94F242491AE37B030055C229 /* Debug */ = {
			isa = XCBuildConfiguration;
			buildSettings = {
				ALWAYS_SEARCH_USER_PATHS = NO;
				CLANG_CXX_LANGUAGE_STANDARD = "gnu++0x";
				CLANG_CXX_LIBRARY = "libc++";
				CLANG_ENABLE_MODULES = YES;
				CLANG_ENABLE_OBJC_ARC = YES;
				CLANG_WARN_BOOL_CONVERSION = YES;
				CLANG_WARN_CONSTANT_CONVERSION = YES;
				CLANG_WARN_DIRECT_OBJC_ISA_USAGE = YES_ERROR;
				CLANG_WARN_EMPTY_BODY = YES;
				CLANG_WARN_ENUM_CONVERSION = YES;
				CLANG_WARN_INT_CONVERSION = YES;
				CLANG_WARN_OBJC_ROOT_CLASS = YES_ERROR;
				CLANG_WARN__DUPLICATE_METHOD_MATCH = YES;
				"CODE_SIGN_IDENTITY[sdk=iphoneos*]" = "iPhone Developer";
				COPY_PHASE_STRIP = NO;
				GCC_C_LANGUAGE_STANDARD = gnu99;
				GCC_DYNAMIC_NO_PIC = NO;
				GCC_OPTIMIZATION_LEVEL = 0;
				GCC_PREPROCESSOR_DEFINITIONS = (
					"DEBUG=1",
					"$(inherited)",
				);
				GCC_SYMBOLS_PRIVATE_EXTERN = NO;
				GCC_WARN_64_TO_32_BIT_CONVERSION = YES;
				GCC_WARN_ABOUT_RETURN_TYPE = YES_ERROR;
				GCC_WARN_UNDECLARED_SELECTOR = YES;
				GCC_WARN_UNINITIALIZED_AUTOS = YES_AGGRESSIVE;
				GCC_WARN_UNUSED_FUNCTION = YES;
				GCC_WARN_UNUSED_VARIABLE = YES;
				IPHONEOS_DEPLOYMENT_TARGET = 7.1;
				ONLY_ACTIVE_ARCH = YES;
				SDKROOT = iphoneos;
			};
			name = Debug;
		};
		94F2424A1AE37B030055C229 /* Release */ = {
			isa = XCBuildConfiguration;
			buildSettings = {
				ALWAYS_SEARCH_USER_PATHS = NO;
				CLANG_CXX_LANGUAGE_STANDARD = "gnu++0x";
				CLANG_CXX_LIBRARY = "libc++";
				CLANG_ENABLE_MODULES = YES;
				CLANG_ENABLE_OBJC_ARC = YES;
				CLANG_WARN_BOOL_CONVERSION = YES;
				CLANG_WARN_CONSTANT_CONVERSION = YES;
				CLANG_WARN_DIRECT_OBJC_ISA_USAGE = YES_ERROR;
				CLANG_WARN_EMPTY_BODY = YES;
				CLANG_WARN_ENUM_CONVERSION = YES;
				CLANG_WARN_INT_CONVERSION = YES;
				CLANG_WARN_OBJC_ROOT_CLASS = YES_ERROR;
				CLANG_WARN__DUPLICATE_METHOD_MATCH = YES;
				"CODE_SIGN_IDENTITY[sdk=iphoneos*]" = "iPhone Developer";
				COPY_PHASE_STRIP = YES;
				ENABLE_NS_ASSERTIONS = NO;
				GCC_C_LANGUAGE_STANDARD = gnu99;
				GCC_WARN_64_TO_32_BIT_CONVERSION = YES;
				GCC_WARN_ABOUT_RETURN_TYPE = YES_ERROR;
				GCC_WARN_UNDECLARED_SELECTOR = YES;
				GCC_WARN_UNINITIALIZED_AUTOS = YES_AGGRESSIVE;
				GCC_WARN_UNUSED_FUNCTION = YES;
				GCC_WARN_UNUSED_VARIABLE = YES;
				IPHONEOS_DEPLOYMENT_TARGET = 7.1;
				SDKROOT = iphoneos;
				VALIDATE_PRODUCT = YES;
			};
			name = Release;
		};
		94F2424C1AE37B030055C229 /* Debug */ = {
			isa = XCBuildConfiguration;
			buildSettings = {
				ASSETCATALOG_COMPILER_APPICON_NAME = AppIcon;
				ASSETCATALOG_COMPILER_LAUNCHIMAGE_NAME = LaunchImage;
				CODE_SIGN_IDENTITY = "iPhone Developer";
				GCC_PRECOMPILE_PREFIX_HEADER = YES;
				GCC_PREFIX_HEADER = "Tablview重用Demo/Tablview重用Demo-Prefix.pch";
				INFOPLIST_FILE = "Tablview重用Demo/Tablview重用Demo-Info.plist";
				PRODUCT_NAME = "$(TARGET_NAME)";
				PROVISIONING_PROFILE = "0104ce8f-fb50-4727-a648-760b21aa12da";
				WRAPPER_EXTENSION = app;
			};
			name = Debug;
		};
		94F2424D1AE37B030055C229 /* Release */ = {
			isa = XCBuildConfiguration;
			buildSettings = {
				ASSETCATALOG_COMPILER_APPICON_NAME = AppIcon;
				ASSETCATALOG_COMPILER_LAUNCHIMAGE_NAME = LaunchImage;
				GCC_PRECOMPILE_PREFIX_HEADER = YES;
				GCC_PREFIX_HEADER = "Tablview重用Demo/Tablview重用Demo-Prefix.pch";
				INFOPLIST_FILE = "Tablview重用Demo/Tablview重用Demo-Info.plist";
				PRODUCT_NAME = "$(TARGET_NAME)";
				PROVISIONING_PROFILE = "0104ce8f-fb50-4727-a648-760b21aa12da";
				WRAPPER_EXTENSION = app;
			};
			name = Release;
		};
		94F2424F1AE37B030055C229 /* Debug */ = {
			isa = XCBuildConfiguration;
			buildSettings = {
				BUNDLE_LOADER = "$(BUILT_PRODUCTS_DIR)/Tablview重用Demo.app/Tablview重用Demo";
				FRAMEWORK_SEARCH_PATHS = (
					"$(SDKROOT)/Developer/Library/Frameworks",
					"$(inherited)",
					"$(DEVELOPER_FRAMEWORKS_DIR)",
				);
				GCC_PRECOMPILE_PREFIX_HEADER = YES;
				GCC_PREFIX_HEADER = "Tablview重用Demo/Tablview重用Demo-Prefix.pch";
				GCC_PREPROCESSOR_DEFINITIONS = (
					"DEBUG=1",
					"$(inherited)",
				);
				INFOPLIST_FILE = "Tablview重用DemoTests/Tablview重用DemoTests-Info.plist";
				PRODUCT_NAME = "$(TARGET_NAME)";
				TEST_HOST = "$(BUNDLE_LOADER)";
				WRAPPER_EXTENSION = xctest;
			};
			name = Debug;
		};
		94F242501AE37B030055C229 /* Release */ = {
			isa = XCBuildConfiguration;
			buildSettings = {
				BUNDLE_LOADER = "$(BUILT_PRODUCTS_DIR)/Tablview重用Demo.app/Tablview重用Demo";
				FRAMEWORK_SEARCH_PATHS = (
					"$(SDKROOT)/Developer/Library/Frameworks",
					"$(inherited)",
					"$(DEVELOPER_FRAMEWORKS_DIR)",
				);
				GCC_PRECOMPILE_PREFIX_HEADER = YES;
				GCC_PREFIX_HEADER = "Tablview重用Demo/Tablview重用Demo-Prefix.pch";
				INFOPLIST_FILE = "Tablview重用DemoTests/Tablview重用DemoTests-Info.plist";
				PRODUCT_NAME = "$(TARGET_NAME)";
				TEST_HOST = "$(BUNDLE_LOADER)";
				WRAPPER_EXTENSION = xctest;
			};
			name = Release;
		};
/* End XCBuildConfiguration section */

/* Begin XCConfigurationList section */
		94F242141AE37B020055C229 /* Build configuration list for PBXProject "Tablview重用Demo" */ = {
			isa = XCConfigurationList;
			buildConfigurations = (
				94F242491AE37B030055C229 /* Debug */,
				94F2424A1AE37B030055C229 /* Release */,
			);
			defaultConfigurationIsVisible = 0;
			defaultConfigurationName = Release;
		};
		94F2424B1AE37B030055C229 /* Build configuration list for PBXNativeTarget "Tablview重用Demo" */ = {
			isa = XCConfigurationList;
			buildConfigurations = (
				94F2424C1AE37B030055C229 /* Debug */,
				94F2424D1AE37B030055C229 /* Release */,
			);
			defaultConfigurationIsVisible = 0;
			defaultConfigurationName = Release;
		};
		94F2424E1AE37B030055C229 /* Build configuration list for PBXNativeTarget "Tablview重用DemoTests" */ = {
			isa = XCConfigurationList;
			buildConfigurations = (
				94F2424F1AE37B030055C229 /* Debug */,
				94F242501AE37B030055C229 /* Release */,
			);
			defaultConfigurationIsVisible = 0;
			defaultConfigurationName = Release;
		};
/* End XCConfigurationList section */
	};
	rootObject = 94F242111AE37B020055C229 /* Project object */;
}
